// !$*UTF8*$!
{
	archiveVersion = 1;
	classes = {
	};
	objectVersion = 50;
	objects = {

/* Begin PBXBuildFile section */
		C3442522228A7DFF00075898 /* AppDelegate.swift in Sources */ = {isa = PBXBuildFile; fileRef = C3442521228A7DFF00075898 /* AppDelegate.swift */; };
		C3442524228A7DFF00075898 /* ViewController.swift in Sources */ = {isa = PBXBuildFile; fileRef = C3442523228A7DFF00075898 /* ViewController.swift */; };
		C3442527228A7DFF00075898 /* Main.storyboard in Resources */ = {isa = PBXBuildFile; fileRef = C3442525228A7DFF00075898 /* Main.storyboard */; };
		C344252A228A7DFF00075898 /* CoreDataDemo.xcdatamodeld in Sources */ = {isa = PBXBuildFile; fileRef = C3442528228A7DFF00075898 /* CoreDataDemo.xcdatamodeld */; };
		C344252C228A7E1500075898 /* Assets.xcassets in Resources */ = {isa = PBXBuildFile; fileRef = C344252B228A7E1500075898 /* Assets.xcassets */; };
		C344252F228A7E1500075898 /* LaunchScreen.storyboard in Resources */ = {isa = PBXBuildFile; fileRef = C344252D228A7E1500075898 /* LaunchScreen.storyboard */; };
		C3442539228A92B600075898 /* AddStudentViewController.swift in Sources */ = {isa = PBXBuildFile; fileRef = C3442538228A92B600075898 /* AddStudentViewController.swift */; };
		C344253B228AA8B300075898 /* StudentTableViewController.swift in Sources */ = {isa = PBXBuildFile; fileRef = C344253A228AA8B300075898 /* StudentTableViewController.swift */; };
		C344253E228AAAA900075898 /* StudentTableViewCell.swift in Sources */ = {isa = PBXBuildFile; fileRef = C344253D228AAAA900075898 /* StudentTableViewCell.swift */; };
		C3F94A69228BE21600160C95 /* StudentDetailViewController.swift in Sources */ = {isa = PBXBuildFile; fileRef = C3F94A68228BE21600160C95 /* StudentDetailViewController.swift */; };
		C3F94A6B228BF4F100160C95 /* StudentTableViewCell2.swift in Sources */ = {isa = PBXBuildFile; fileRef = C3F94A6A228BF4F100160C95 /* StudentTableViewCell2.swift */; };
/* End PBXBuildFile section */

/* Begin PBXFileReference section */
		C344251E228A7DFF00075898 /* CoreDataDemo.app */ = {isa = PBXFileReference; explicitFileType = wrapper.application; includeInIndex = 0; path = CoreDataDemo.app; sourceTree = BUILT_PRODUCTS_DIR; };
		C3442521228A7DFF00075898 /* AppDelegate.swift */ = {isa = PBXFileReference; lastKnownFileType = sourcecode.swift; path = AppDelegate.swift; sourceTree = "<group>"; };
		C3442523228A7DFF00075898 /* ViewController.swift */ = {isa = PBXFileReference; lastKnownFileType = sourcecode.swift; path = ViewController.swift; sourceTree = "<group>"; };
		C3442526228A7DFF00075898 /* Base */ = {isa = PBXFileReference; lastKnownFileType = file.storyboard; name = Base; path = Base.lproj/Main.storyboard; sourceTree = "<group>"; };
		C3442529228A7DFF00075898 /* CoreDataDemo.xcdatamodel */ = {isa = PBXFileReference; lastKnownFileType = wrapper.xcdatamodel; path = CoreDataDemo.xcdatamodel; sourceTree = "<group>"; };
		C344252B228A7E1500075898 /* Assets.xcassets */ = {isa = PBXFileReference; lastKnownFileType = folder.assetcatalog; path = Assets.xcassets; sourceTree = "<group>"; };
		C344252E228A7E1500075898 /* Base */ = {isa = PBXFileReference; lastKnownFileType = file.storyboard; name = Base; path = Base.lproj/LaunchScreen.storyboard; sourceTree = "<group>"; };
		C3442530228A7E1500075898 /* Info.plist */ = {isa = PBXFileReference; lastKnownFileType = text.plist.xml; path = Info.plist; sourceTree = "<group>"; };
		C3442538228A92B600075898 /* AddStudentViewController.swift */ = {isa = PBXFileReference; lastKnownFileType = sourcecode.swift; path = AddStudentViewController.swift; sourceTree = "<group>"; };
		C344253A228AA8B300075898 /* StudentTableViewController.swift */ = {isa = PBXFileReference; lastKnownFileType = sourcecode.swift; path = StudentTableViewController.swift; sourceTree = "<group>"; };
		C344253D228AAAA900075898 /* StudentTableViewCell.swift */ = {isa = PBXFileReference; lastKnownFileType = sourcecode.swift; path = StudentTableViewCell.swift; sourceTree = "<group>"; };
		C3F94A68228BE21600160C95 /* StudentDetailViewController.swift */ = {isa = PBXFileReference; lastKnownFileType = sourcecode.swift; path = StudentDetailViewController.swift; sourceTree = "<group>"; };
		C3F94A6A228BF4F100160C95 /* StudentTableViewCell2.swift */ = {isa = PBXFileReference; lastKnownFileType = sourcecode.swift; path = StudentTableViewCell2.swift; sourceTree = "<group>"; };
/* End PBXFileReference section */

/* Begin PBXFrameworksBuildPhase section */
		C344251B228A7DFF00075898 /* Frameworks */ = {
			isa = PBXFrameworksBuildPhase;
			buildActionMask = 2147483647;
			files = (
			);
			runOnlyForDeploymentPostprocessing = 0;
		};
/* End PBXFrameworksBuildPhase section */

/* Begin PBXGroup section */
		C3442515228A7DFF00075898 = {
			isa = PBXGroup;
			children = (
				C344253C228AAA5400075898 /* ViewCells */,
				C3442537228A922100075898 /* ViewControllers */,
				C3442520228A7DFF00075898 /* CoreDataDemo */,
				C344251F228A7DFF00075898 /* Products */,
			);
			sourceTree = "<group>";
		};
		C344251F228A7DFF00075898 /* Products */ = {
			isa = PBXGroup;
			children = (
				C344251E228A7DFF00075898 /* CoreDataDemo.app */,
			);
			name = Products;
			sourceTree = "<group>";
		};
		C3442520228A7DFF00075898 /* CoreDataDemo */ = {
			isa = PBXGroup;
			children = (
				C3442521228A7DFF00075898 /* AppDelegate.swift */,
				C3442523228A7DFF00075898 /* ViewController.swift */,
				C3442525228A7DFF00075898 /* Main.storyboard */,
				C344252B228A7E1500075898 /* Assets.xcassets */,
				C344252D228A7E1500075898 /* LaunchScreen.storyboard */,
				C3442530228A7E1500075898 /* Info.plist */,
				C3442528228A7DFF00075898 /* CoreDataDemo.xcdatamodeld */,
			);
			path = CoreDataDemo;
			sourceTree = "<group>";
		};
		C3442537228A922100075898 /* ViewControllers */ = {
			isa = PBXGroup;
			children = (
				C3442538228A92B600075898 /* AddStudentViewController.swift */,
				C344253A228AA8B300075898 /* StudentTableViewController.swift */,
				C3F94A68228BE21600160C95 /* StudentDetailViewController.swift */,
			);
			path = ViewControllers;
			sourceTree = "<group>";
		};
		C344253C228AAA5400075898 /* ViewCells */ = {
			isa = PBXGroup;
			children = (
				C344253D228AAAA900075898 /* StudentTableViewCell.swift */,
				C3F94A6A228BF4F100160C95 /* StudentTableViewCell2.swift */,
			);
			path = ViewCells;
			sourceTree = "<group>";
		};
/* End PBXGroup section */

/* Begin PBXNativeTarget section */
		C344251D228A7DFF00075898 /* CoreDataDemo */ = {
			isa = PBXNativeTarget;
			buildConfigurationList = C3442533228A7E1500075898 /* Build configuration list for PBXNativeTarget "CoreDataDemo" */;
			buildPhases = (
				C344251A228A7DFF00075898 /* Sources */,
				C344251B228A7DFF00075898 /* Frameworks */,
				C344251C228A7DFF00075898 /* Resources */,
			);
			buildRules = (
			);
			dependencies = (
			);
			name = CoreDataDemo;
			productName = CoreDataDemo;
			productReference = C344251E228A7DFF00075898 /* CoreDataDemo.app */;
			productType = "com.apple.product-type.application";
		};
/* End PBXNativeTarget section */

/* Begin PBXProject section */
		C3442516228A7DFF00075898 /* Project object */ = {
			isa = PBXProject;
			attributes = {
				LastSwiftUpdateCheck = 1010;
				LastUpgradeCheck = 1010;
				ORGANIZATIONNAME = imastudio;
				TargetAttributes = {
					C344251D228A7DFF00075898 = {
						CreatedOnToolsVersion = 10.1;
					};
				};
			};
			buildConfigurationList = C3442519228A7DFF00075898 /* Build configuration list for PBXProject "CoreDataDemo" */;
			compatibilityVersion = "Xcode 9.3";
			developmentRegion = en;
			hasScannedForEncodings = 0;
			knownRegions = (
				en,
				Base,
			);
			mainGroup = C3442515228A7DFF00075898;
			productRefGroup = C344251F228A7DFF00075898 /* Products */;
			projectDirPath = "";
			projectRoot = "";
			targets = (
				C344251D228A7DFF00075898 /* CoreDataDemo */,
			);
		};
/* End PBXProject section */

/* Begin PBXResourcesBuildPhase section */
		C344251C228A7DFF00075898 /* Resources */ = {
			isa = PBXResourcesBuildPhase;
			buildActionMask = 2147483647;
			files = (
				C344252F228A7E1500075898 /* LaunchScreen.storyboard in Resources */,
				C344252C228A7E1500075898 /* Assets.xcassets in Resources */,
				C3442527228A7DFF00075898 /* Main.storyboard in Resources */,
			);
			runOnlyForDeploymentPostprocessing = 0;
		};
/* End PBXResourcesBuildPhase section */

/* Begin PBXSourcesBuildPhase section */
		C344251A228A7DFF00075898 /* Sources */ = {
			isa = PBXSourcesBuildPhase;
			buildActionMask = 2147483647;
			files = (
				C3442539228A92B600075898 /* AddStudentViewController.swift in Sources */,
				C3442524228A7DFF00075898 /* ViewController.swift in Sources */,
				C3F94A6B228BF4F100160C95 /* StudentTableViewCell2.swift in Sources */,
				C3F94A69228BE21600160C95 /* StudentDetailViewController.swift in Sources */,
				C344252A228A7DFF00075898 /* CoreDataDemo.xcdatamodeld in Sources */,
				C344253B228AA8B300075898 /* StudentTableViewController.swift in Sources */,
				C3442522228A7DFF00075898 /* AppDelegate.swift in Sources */,
				C344253E228AAAA900075898 /* StudentTableViewCell.swift in Sources */,
			);
			runOnlyForDeploymentPostprocessing = 0;
		};
/* End PBXSourcesBuildPhase section */

/* Begin PBXVariantGroup section */
		C3442525228A7DFF00075898 /* Main.storyboard */ = {
			isa = PBXVariantGroup;
			children = (
				C3442526228A7DFF00075898 /* Base */,
			);
			name = Main.storyboard;
			sourceTree = "<group>";
		};
		C344252D228A7E1500075898 /* LaunchScreen.storyboard */ = {
			isa = PBXVariantGroup;
			children = (
				C344252E228A7E1500075898 /* Base */,
			);
			name = LaunchScreen.storyboard;
			sourceTree = "<group>";
		};
/* End PBXVariantGroup section */

/* Begin XCBuildConfiguration section */
		C3442531228A7E1500075898 /* Debug */ = {
			isa = XCBuildConfiguration;
			buildSettings = {
				ALWAYS_SEARCH_USER_PATHS = NO;
				CLANG_ANALYZER_NONNULL = YES;
				CLANG_ANALYZER_NUMBER_OBJECT_CONVERSION = YES_AGGRESSIVE;
				CLANG_CXX_LANGUAGE_STANDARD = "gnu++14";
				CLANG_CXX_LIBRARY = "libc++";
				CLANG_ENABLE_MODULES = YES;
				CLANG_ENABLE_OBJC_ARC = YES;
				CLANG_ENABLE_OBJC_WEAK = YES;
				CLANG_WARN_BLOCK_CAPTURE_AUTORELEASING = YES;
				CLANG_WARN_BOOL_CONVERSION = YES;
				CLANG_WARN_COMMA = YES;
				CLANG_WARN_CONSTANT_CONVERSION = YES;
				CLANG_WARN_DEPRECATED_OBJC_IMPLEMENTATIONS = YES;
				CLANG_WARN_DIRECT_OBJC_ISA_USAGE = YES_ERROR;
				CLANG_WARN_DOCUMENTATION_COMMENTS = YES;
				CLANG_WARN_EMPTY_BODY = YES;
				CLANG_WARN_ENUM_CONVERSION = YES;
				CLANG_WARN_INFINITE_RECURSION = YES;
				CLANG_WARN_INT_CONVERSION = YES;
				CLANG_WARN_NON_LITERAL_NULL_CONVERSION = YES;
				CLANG_WARN_OBJC_IMPLICIT_RETAIN_SELF = YES;
				CLANG_WARN_OBJC_LITERAL_CONVERSION = YES;
				CLANG_WARN_OBJC_ROOT_CLASS = YES_ERROR;
				CLANG_WARN_RANGE_LOOP_ANALYSIS = YES;
				CLANG_WARN_STRICT_PROTOTYPES = YES;
				CLANG_WARN_SUSPICIOUS_MOVE = YES;
				CLANG_WARN_UNGUARDED_AVAILABILITY = YES_AGGRESSIVE;
				CLANG_WARN_UNREACHABLE_CODE = YES;
				CLANG_WARN__DUPLICATE_METHOD_MATCH = YES;
				CODE_SIGN_IDENTITY = "iPhone Developer";
				COPY_PHASE_STRIP = NO;
				DEBUG_INFORMATION_FORMAT = dwarf;
				ENABLE_STRICT_OBJC_MSGSEND = YES;
				ENABLE_TESTABILITY = YES;
				GCC_C_LANGUAGE_STANDARD = gnu11;
				GCC_DYNAMIC_NO_PIC = NO;
				GCC_NO_COMMON_BLOCKS = YES;
				GCC_OPTIMIZATION_LEVEL = 0;
				GCC_PREPROCESSOR_DEFINITIONS = (
					"DEBUG=1",
					"$(inherited)",
				);
				GCC_WARN_64_TO_32_BIT_CONVERSION = YES;
				GCC_WARN_ABOUT_RETURN_TYPE = YES_ERROR;
				GCC_WARN_UNDECLARED_SELECTOR = YES;
				GCC_WARN_UNINITIALIZED_AUTOS = YES_AGGRESSIVE;
				GCC_WARN_UNUSED_FUNCTION = YES;
				GCC_WARN_UNUSED_VARIABLE = YES;
				IPHONEOS_DEPLOYMENT_TARGET = 12.1;
				MTL_ENABLE_DEBUG_INFO = INCLUDE_SOURCE;
				MTL_FAST_MATH = YES;
				ONLY_ACTIVE_ARCH = YES;
				SDKROOT = iphoneos;
				SWIFT_ACTIVE_COMPILATION_CONDITIONS = DEBUG;
				SWIFT_OPTIMIZATION_LEVEL = "-Onone";
			};
			name = Debug;
		};
		C3442532228A7E1500075898 /* Release */ = {
			isa = XCBuildConfiguration;
			buildSettings = {
				ALWAYS_SEARCH_USER_PATHS = NO;
				CLANG_ANALYZER_NONNULL = YES;
				CLANG_ANALYZER_NUMBER_OBJECT_CONVERSION = YES_AGGRESSIVE;
				CLANG_CXX_LANGUAGE_STANDARD = "gnu++14";
				CLANG_CXX_LIBRARY = "libc++";
				CLANG_ENABLE_MODULES = YES;
				CLANG_ENABLE_OBJC_ARC = YES;
				CLANG_ENABLE_OBJC_WEAK = YES;
				CLANG_WARN_BLOCK_CAPTURE_AUTORELEASING = YES;
				CLANG_WARN_BOOL_CONVERSION = YES;
				CLANG_WARN_COMMA = YES;
				CLANG_WARN_CONSTANT_CONVERSION = YES;
				CLANG_WARN_DEPRECATED_OBJC_IMPLEMENTATIONS = YES;
				CLANG_WARN_DIRECT_OBJC_ISA_USAGE = YES_ERROR;
				CLANG_WARN_DOCUMENTATION_COMMENTS = YES;
				CLANG_WARN_EMPTY_BODY = YES;
				CLANG_WARN_ENUM_CONVERSION = YES;
				CLANG_WARN_INFINITE_RECURSION = YES;
				CLANG_WARN_INT_CONVERSION = YES;
				CLANG_WARN_NON_LITERAL_NULL_CONVERSION = YES;
				CLANG_WARN_OBJC_IMPLICIT_RETAIN_SELF = YES;
				CLANG_WARN_OBJC_LITERAL_CONVERSION = YES;
				CLANG_WARN_OBJC_ROOT_CLASS = YES_ERROR;
				CLANG_WARN_RANGE_LOOP_ANALYSIS = YES;
				CLANG_WARN_STRICT_PROTOTYPES = YES;
				CLANG_WARN_SUSPICIOUS_MOVE = YES;
				CLANG_WARN_UNGUARDED_AVAILABILITY = YES_AGGRESSIVE;
				CLANG_WARN_UNREACHABLE_CODE = YES;
				CLANG_WARN__DUPLICATE_METHOD_MATCH = YES;
				CODE_SIGN_IDENTITY = "iPhone Developer";
				COPY_PHASE_STRIP = NO;
				DEBUG_INFORMATION_FORMAT = "dwarf-with-dsym";
				ENABLE_NS_ASSERTIONS = NO;
				ENABLE_STRICT_OBJC_MSGSEND = YES;
				GCC_C_LANGUAGE_STANDARD = gnu11;
				GCC_NO_COMMON_BLOCKS = YES;
				GCC_WARN_64_TO_32_BIT_CONVERSION = YES;
				GCC_WARN_ABOUT_RETURN_TYPE = YES_ERROR;
				GCC_WARN_UNDECLARED_SELECTOR = YES;
				GCC_WARN_UNINITIALIZED_AUTOS = YES_AGGRESSIVE;
				GCC_WARN_UNUSED_FUNCTION = YES;
				GCC_WARN_UNUSED_VARIABLE = YES;
				IPHONEOS_DEPLOYMENT_TARGET = 12.1;
				MTL_ENABLE_DEBUG_INFO = NO;
				MTL_FAST_MATH = YES;
				SDKROOT = iphoneos;
				SWIFT_COMPILATION_MODE = wholemodule;
				SWIFT_OPTIMIZATION_LEVEL = "-O";
				VALIDATE_PRODUCT = YES;
			};
			name = Release;
		};
		C3442534228A7E1500075898 /* Debug */ = {
			isa = XCBuildConfiguration;
			buildSettings = {
				ASSETCATALOG_COMPILER_APPICON_NAME = AppIcon;
				CODE_SIGN_STYLE = Automatic;
				DEVELOPMENT_TEAM = DWLH3878HP;
				INFOPLIST_FILE = CoreDataDemo/Info.plist;
				LD_RUNPATH_SEARCH_PATHS = (
					"$(inherited)",
					"@executable_path/Frameworks",
				);
				PRODUCT_BUNDLE_IDENTIFIER = imastudio.co.id.CoreDataDemo;
				PRODUCT_NAME = "$(TARGET_NAME)";
				SWIFT_VERSION = 4.2;
				TARGETED_DEVICE_FAMILY = "1,2";
			};
			name = Debug;
		};
		C3442535228A7E1500075898 /* Release */ = {
			isa = XCBuildConfiguration;
			buildSettings = {
				ASSETCATALOG_COMPILER_APPICON_NAME = AppIcon;
				CODE_SIGN_STYLE = Automatic;
				DEVELOPMENT_TEAM = DWLH3878HP;
				INFOPLIST_FILE = CoreDataDemo/Info.plist;
				LD_RUNPATH_SEARCH_PATHS = (
					"$(inherited)",
					"@executable_path/Frameworks",
				);
				PRODUCT_BUNDLE_IDENTIFIER = imastudio.co.id.CoreDataDemo;
				PRODUCT_NAME = "$(TARGET_NAME)";
				SWIFT_VERSION = 4.2;
				TARGETED_DEVICE_FAMILY = "1,2";
			};
			name = Release;
		};
/* End XCBuildConfiguration section */

/* Begin XCConfigurationList section */
		C3442519228A7DFF00075898 /* Build configuration list for PBXProject "CoreDataDemo" */ = {
			isa = XCConfigurationList;
			buildConfigurations = (
				C3442531228A7E1500075898 /* Debug */,
				C3442532228A7E1500075898 /* Release */,
			);
			defaultConfigurationIsVisible = 0;
			defaultConfigurationName = Release;
		};
		C3442533228A7E1500075898 /* Build configuration list for PBXNativeTarget "CoreDataDemo" */ = {
			isa = XCConfigurationList;
			buildConfigurations = (
				C3442534228A7E1500075898 /* Debug */,
				C3442535228A7E1500075898 /* Release */,
			);
			defaultConfigurationIsVisible = 0;
			defaultConfigurationName = Release;
		};
/* End XCConfigurationList section */

/* Begin XCVersionGroup section */
		C3442528228A7DFF00075898 /* CoreDataDemo.xcdatamodeld */ = {
			isa = XCVersionGroup;
			children = (
				C3442529228A7DFF00075898 /* CoreDataDemo.xcdatamodel */,
			);
			currentVersion = C3442529228A7DFF00075898 /* CoreDataDemo.xcdatamodel */;
			path = CoreDataDemo.xcdatamodeld;
			sourceTree = "<group>";
			versionGroupType = wrapper.xcdatamodel;
		};
/* End XCVersionGroup section */
	};
	rootObject = C3442516228A7DFF00075898 /* Project object */;
}
